
Microsoft Visual Studio Solution File, Format Version 12.00
# Visual Studio Version 16
VisualStudioVersion = 16.0.31025.194
MinimumVisualStudioVersion = 10.0.40219.1
Project("{FAE04EC0-301F-11D3-BF4B-00C04F79EFBC}") = "ServerConfigMtk-P2-20190140072", "ServerConfigMtk-P2-20190140072\ServerConfigMtk-P2-20190140072.csproj", "{CDCAF4A7-2C69-41FE-95A3-8BE7F2869EF6}"
EndProject
Global
	GlobalSection(SolutionConfigurationPlatforms) = preSolution
		Debug|Any CPU = Debug|Any CPU
		Release|Any CPU = Release|Any CPU
	EndGlobalSection
	GlobalSection(ProjectConfigurationPlatforms) = postSolution
		{CDCAF4A7-2C69-41FE-95A3-8BE7F2869EF6}.Debug|Any CPU.ActiveCfg = Debug|Any CPU
		{CDCAF4A7-2C69-41FE-95A3-8BE7F2869EF6}.Debug|Any CPU.Build.0 = Debug|Any CPU
		{CDCAF4A7-2C69-41FE-95A3-8BE7F2869EF6}.Release|Any CPU.ActiveCfg = Release|Any CPU
		{CDCAF4A7-2C69-41FE-95A3-8BE7F2869EF6}.Release|Any CPU.Build.0 = Release|Any CPU
	EndGlobalSection
	GlobalSection(SolutionProperties) = preSolution
		HideSolutionNode = FALSE
	EndGlobalSection
	GlobalSection(ExtensibilityGlobals) = postSolution
		SolutionGuid = {9F06C52E-9B6F-4758-AD23-9C80A44CCD12}
	EndGlobalSection
EndGlobal
